
Microsoft Visual Studio Solution File, Format Version 12.00
# Visual Studio Version 17
VisualStudioVersion = 17.7.34024.191
MinimumVisualStudioVersion = 10.0.40219.1
Project("{FAE04EC0-301F-11D3-BF4B-00C04F79EFBC}") = "Client", "Client.csproj", "{798476E6-7A37-4ABC-AAED-DE39252756DA}"
EndProject
Global
	GlobalSection(SolutionConfigurationPlatforms) = preSolution
		Debug|Any CPU = Debug|Any CPU
		Release|Any CPU = Release|Any CPU
	EndGlobalSection
	GlobalSection(ProjectConfigurationPlatforms) = postSolution
		{798476E6-7A37-4ABC-AAED-DE39252756DA}.Debug|Any CPU.ActiveCfg = Debug|Any CPU
		{798476E6-7A37-4ABC-AAED-DE39252756DA}.Debug|Any CPU.Build.0 = Debug|Any CPU
		{798476E6-7A37-4ABC-AAED-DE39252756DA}.Release|Any CPU.ActiveCfg = Release|Any CPU
		{798476E6-7A37-4ABC-AAED-DE39252756DA}.Release|Any CPU.Build.0 = Release|Any CPU
	EndGlobalSection
	GlobalSection(SolutionProperties) = preSolution
		HideSolutionNode = FALSE
	EndGlobalSection
	GlobalSection(ExtensibilityGlobals) = postSolution
		SolutionGuid = {F062EB9D-F5CF-480F-8E7A-9FCE0C4DE72D}
	EndGlobalSection
EndGlobal
