
Microsoft Visual Studio Solution File, Format Version 12.00
# Visual Studio Version 17
VisualStudioVersion = 17.7.34024.191
MinimumVisualStudioVersion = 10.0.40219.1
Project("{8BC9CEB8-8B4A-11D0-8D11-00A0C91BC942}") = "Lab12", "Lab12.vcxproj", "{B5ED5CA9-4B28-4462-B219-0E35300C95EF}"
EndProject
Global
	GlobalSection(SolutionConfigurationPlatforms) = preSolution
		Debug|x64 = Debug|x64
		Debug|x86 = Debug|x86
		Release|x64 = Release|x64
		Release|x86 = Release|x86
	EndGlobalSection
	GlobalSection(ProjectConfigurationPlatforms) = postSolution
		{B5ED5CA9-4B28-4462-B219-0E35300C95EF}.Debug|x64.ActiveCfg = Debug|x64
		{B5ED5CA9-4B28-4462-B219-0E35300C95EF}.Debug|x64.Build.0 = Debug|x64
		{B5ED5CA9-4B28-4462-B219-0E35300C95EF}.Debug|x86.ActiveCfg = Debug|Win32
		{B5ED5CA9-4B28-4462-B219-0E35300C95EF}.Debug|x86.Build.0 = Debug|Win32
		{B5ED5CA9-4B28-4462-B219-0E35300C95EF}.Release|x64.ActiveCfg = Release|x64
		{B5ED5CA9-4B28-4462-B219-0E35300C95EF}.Release|x64.Build.0 = Release|x64
		{B5ED5CA9-4B28-4462-B219-0E35300C95EF}.Release|x86.ActiveCfg = Release|Win32
		{B5ED5CA9-4B28-4462-B219-0E35300C95EF}.Release|x86.Build.0 = Release|Win32
	EndGlobalSection
	GlobalSection(SolutionProperties) = preSolution
		HideSolutionNode = FALSE
	EndGlobalSection
	GlobalSection(ExtensibilityGlobals) = postSolution
		SolutionGuid = {8D80422F-AA9E-40FE-AEAF-84236316EFE0}
	EndGlobalSection
EndGlobal
