
Microsoft Visual Studio Solution File, Format Version 12.00
# Visual Studio Version 17
VisualStudioVersion = 17.9.34728.123
MinimumVisualStudioVersion = 10.0.40219.1
Project("{9A19103F-16F7-4668-BE54-9A1E7A4F7556}") = "oop4", "oop4.csproj", "{2F7512B4-1ED8-4393-A64E-4D347555C27A}"
EndProject
Global
	GlobalSection(SolutionConfigurationPlatforms) = preSolution
		Debug|Any CPU = Debug|Any CPU
		Release|Any CPU = Release|Any CPU
	EndGlobalSection
	GlobalSection(ProjectConfigurationPlatforms) = postSolution
		{2F7512B4-1ED8-4393-A64E-4D347555C27A}.Debug|Any CPU.ActiveCfg = Debug|Any CPU
		{2F7512B4-1ED8-4393-A64E-4D347555C27A}.Debug|Any CPU.Build.0 = Debug|Any CPU
		{2F7512B4-1ED8-4393-A64E-4D347555C27A}.Release|Any CPU.ActiveCfg = Release|Any CPU
		{2F7512B4-1ED8-4393-A64E-4D347555C27A}.Release|Any CPU.Build.0 = Release|Any CPU
	EndGlobalSection
	GlobalSection(SolutionProperties) = preSolution
		HideSolutionNode = FALSE
	EndGlobalSection
	GlobalSection(ExtensibilityGlobals) = postSolution
		SolutionGuid = {A67E5682-B043-478C-A70D-4A3CA69DB3C1}
	EndGlobalSection
EndGlobal
